# THIS IS AN AUTOGENERATED FILE. DO NOT EDIT THIS FILE DIRECTLY.
# yarn lockfile v1


coc-css@^1.0.7:
  version "1.2.2"
  resolved "https://registry.yarnpkg.com/coc-css/-/coc-css-1.2.2.tgz#9b62ac96a9db8c687396ab4648c0c67dc3897a2f"
  integrity sha512-JvZnKZZJZemS70o972OEjfnMGGO2sLpJA3iX1OT3CXmaymPb8CmufboyCVnzGMDMbFL/qHgfjbdw9kOg5ZtzzQ==

coc-dictionary@^1.2.2:
  version "1.2.2"
  resolved "https://registry.yarnpkg.com/coc-dictionary/-/coc-dictionary-1.2.2.tgz#83a1d37848890f21d38e0fae11ee1b5772c820f4"
  integrity sha512-FbcxcfBy+9ZJeNGJsS0c6RJf0Dyl3l5w+Nl4czcnVwXOYaNa350sqClZ7T3KP2oaLHeLVLHbbms8CDjZ3GNg0w==

coc-emoji@^1.2.3:
  version "1.2.3"
  resolved "https://registry.yarnpkg.com/coc-emoji/-/coc-emoji-1.2.3.tgz#e4657414c14b957be44f0a0c1369b136f6e90fab"
  integrity sha512-XyrHPx7pdY1IuTTxJ/1DJtsyUvB+J5WbK1i6dg0RCQhymAa4SDgEBLHA1deh9cFWEIhv3qejCQBj+xx4wdfAxw==

coc-json@^1.0.17:
  version "1.2.3"
  resolved "https://registry.yarnpkg.com/coc-json/-/coc-json-1.2.3.tgz#74fd20ce91387086fdc864011e28348b90063c2b"
  integrity sha512-JlM2CqVuDcxHAxVRcCTd2PsEzAU6jCwJ3N8jaszD3m2HSjq5I796Y7zFmoW6TK/7IOqAiYWCq1l+1yqjTSBedQ==

coc-snippets@^2.0.11:
  version "2.1.10"
  resolved "https://registry.yarnpkg.com/coc-snippets/-/coc-snippets-2.1.10.tgz#c0389d45135eeb0bf3d75a9d0e1d84598a0c6825"
  integrity sha512-q7DNO9+eQ/F4G/Th5pYOk0xZzP4fwqNMgYZdQHfEIwVXF48w4jAEQuGT0oQ1t7/qi7TBQY7jqWmlO4hi+zoY0A==

coc-solargraph@^1.0.7:
  version "1.1.2"
  resolved "https://registry.yarnpkg.com/coc-solargraph/-/coc-solargraph-1.1.2.tgz#8ca580495de63d3157c260f642a37f4d3fd37c50"
  integrity sha512-Cmh5zrp7paE+rIR8ogHDJBsPjzpB0yg0RfZT195WVwsV2leCkVvrCIhNTXUi9CV2XKOkIkXAONZ7EbAsySCHdg==

coc-syntax@^1.2.3:
  version "1.2.4"
  resolved "https://registry.yarnpkg.com/coc-syntax/-/coc-syntax-1.2.4.tgz#1030f077f0f74c2d6a7176b462010613707b0d31"
  integrity sha512-XRCvFL8yjPvTID0XY0Y7JjzGk9Gl2g6NOEVezWIuoIE2Dk68upjOyldoCrm2rKBQC9ebTTK7xX9ZcWyKj7+Zcg==

coc-tag@^1.2.2:
  version "1.2.4"
  resolved "https://registry.yarnpkg.com/coc-tag/-/coc-tag-1.2.4.tgz#5d302ad525aa9f1bd73ea35814cc194f232111f6"
  integrity sha512-nalUxIfP8GcQvpqg7j8Lt7g8hKYI72CnIFTyDX1FFwPrYrfL08sKqbq0SPvl/nvaN+PhAyHT5juKtL1PpQ47pA==

coc-tsserver@^1.3.15:
  version "1.3.15"
  resolved "https://registry.yarnpkg.com/coc-tsserver/-/coc-tsserver-1.3.15.tgz#e1632e2143a055f4655693837e459906f559a4e5"
  integrity sha512-LwM+0Slg7JbaoaRrhhKzXt5fWBlpuBLE5na5/fTTnOTD5SEDtj+ThKm2MfRP1oztvLZsRiJ3QFO3+9D+bk3ktQ==
  dependencies:
    typescript "3.5.1"

typescript@3.5.1:
  version "3.5.1"
  resolved "https://registry.yarnpkg.com/typescript/-/typescript-3.5.1.tgz#ba72a6a600b2158139c5dd8850f700e231464202"
  integrity sha512-64HkdiRv1yYZsSe4xC1WVgamNigVYjlssIoaH2HcZF0+ijsk5YK2g0G34w9wJkze8+5ow4STd22AynfO6ZYYLw==
